// !$*UTF8*$!
{
	archiveVersion = 1;
	classes = {
	};
	objectVersion = 46;
	objects = {

/* Begin PBXBuildFile section */
		16F769C81B4C1A980032CD18 /* main.m in Sources */ = {isa = PBXBuildFile; fileRef = 16F769C71B4C1A980032CD18 /* main.m */; };
		16F769CB1B4C1A980032CD18 /* AppDelegate.m in Sources */ = {isa = PBXBuildFile; fileRef = 16F769CA1B4C1A980032CD18 /* AppDelegate.m */; };
		16F769CE1B4C1A980032CD18 /* ViewController.m in Sources */ = {isa = PBXBuildFile; fileRef = 16F769CD1B4C1A980032CD18 /* ViewController.m */; };
		16F769D31B4C1A980032CD18 /* Images.xcassets in Resources */ = {isa = PBXBuildFile; fileRef = 16F769D21B4C1A980032CD18 /* Images.xcassets */; };
		16F769D61B4C1A980032CD18 /* LaunchScreen.xib in Resources */ = {isa = PBXBuildFile; fileRef = 16F769D41B4C1A980032CD18 /* LaunchScreen.xib */; };
		16F769E21B4C1A980032CD18 /* TabDemo01Tests.m in Sources */ = {isa = PBXBuildFile; fileRef = 16F769E11B4C1A980032CD18 /* TabDemo01Tests.m */; };
/* End PBXBuildFile section */

/* Begin PBXContainerItemProxy section */
		16F769DC1B4C1A980032CD18 /* PBXContainerItemProxy */ = {
			isa = PBXContainerItemProxy;
			containerPortal = 16F769BA1B4C1A980032CD18 /* Project object */;
			proxyType = 1;
			remoteGlobalIDString = 16F769C11B4C1A980032CD18;
			remoteInfo = TabDemo01;
		};
/* End PBXContainerItemProxy section */

/* Begin PBXFileReference section */
		16F769C21B4C1A980032CD18 /* TabDemo01.app */ = {isa = PBXFileReference; explicitFileType = wrapper.application; includeInIndex = 0; path = TabDemo01.app; sourceTree = BUILT_PRODUCTS_DIR; };
		16F769C61B4C1A980032CD18 /* Info.plist */ = {isa = PBXFileReference; lastKnownFileType = text.plist.xml; path = Info.plist; sourceTree = "<group>"; };
		16F769C71B4C1A980032CD18 /* main.m */ = {isa = PBXFileReference; lastKnownFileType = sourcecode.c.objc; path = main.m; sourceTree = "<group>"; };
		16F769C91B4C1A980032CD18 /* AppDelegate.h */ = {isa = PBXFileReference; lastKnownFileType = sourcecode.c.h; path = AppDelegate.h; sourceTree = "<group>"; };
		16F769CA1B4C1A980032CD18 /* AppDelegate.m */ = {isa = PBXFileReference; lastKnownFileType = sourcecode.c.objc; path = AppDelegate.m; sourceTree = "<group>"; };
		16F769CC1B4C1A980032CD18 /* ViewController.h */ = {isa = PBXFileReference; lastKnownFileType = sourcecode.c.h; path = ViewController.h; sourceTree = "<group>"; };
		16F769CD1B4C1A980032CD18 /* ViewController.m */ = {isa = PBXFileReference; lastKnownFileType = sourcecode.c.objc; path = ViewController.m; sourceTree = "<group>"; };
		16F769D21B4C1A980032CD18 /* Images.xcassets */ = {isa = PBXFileReference; lastKnownFileType = folder.assetcatalog; path = Images.xcassets; sourceTree = "<group>"; };
		16F769D51B4C1A980032CD18 /* Base */ = {isa = PBXFileReference; lastKnownFileType = file.xib; name = Base; path = Base.lproj/LaunchScreen.xib; sourceTree = "<group>"; };
		16F769DB1B4C1A980032CD18 /* TabDemo01Tests.xctest */ = {isa = PBXFileReference; explicitFileType = wrapper.cfbundle; includeInIndex = 0; path = TabDemo01Tests.xctest; sourceTree = BUILT_PRODUCTS_DIR; };
		16F769E01B4C1A980032CD18 /* Info.plist */ = {isa = PBXFileReference; lastKnownFileType = text.plist.xml; path = Info.plist; sourceTree = "<group>"; };
		16F769E11B4C1A980032CD18 /* TabDemo01Tests.m */ = {isa = PBXFileReference; lastKnownFileType = sourcecode.c.objc; path = TabDemo01Tests.m; sourceTree = "<group>"; };
/* End PBXFileReference section */

/* Begin PBXFrameworksBuildPhase section */
		16F769BF1B4C1A980032CD18 /* Frameworks */ = {
			isa = PBXFrameworksBuildPhase;
			buildActionMask = 2147483647;
			files = (
			);
			runOnlyForDeploymentPostprocessing = 0;
		};
		16F769D81B4C1A980032CD18 /* Frameworks */ = {
			isa = PBXFrameworksBuildPhase;
			buildActionMask = 2147483647;
			files = (
			);
			runOnlyForDeploymentPostprocessing = 0;
		};
/* End PBXFrameworksBuildPhase section */

/* Begin PBXGroup section */
		16F769B91B4C1A980032CD18 = {
			isa = PBXGroup;
			children = (
				16F769C41B4C1A980032CD18 /* TabDemo01 */,
				16F769DE1B4C1A980032CD18 /* TabDemo01Tests */,
				16F769C31B4C1A980032CD18 /* Products */,
			);
			sourceTree = "<group>";
		};
		16F769C31B4C1A980032CD18 /* Products */ = {
			isa = PBXGroup;
			children = (
				16F769C21B4C1A980032CD18 /* TabDemo01.app */,
				16F769DB1B4C1A980032CD18 /* TabDemo01Tests.xctest */,
			);
			name = Products;
			sourceTree = "<group>";
		};
		16F769C41B4C1A980032CD18 /* TabDemo01 */ = {
			isa = PBXGroup;
			children = (
				16F769C91B4C1A980032CD18 /* AppDelegate.h */,
				16F769CA1B4C1A980032CD18 /* AppDelegate.m */,
				16F769CC1B4C1A980032CD18 /* ViewController.h */,
				16F769CD1B4C1A980032CD18 /* ViewController.m */,
				16F769D21B4C1A980032CD18 /* Images.xcassets */,
				16F769D41B4C1A980032CD18 /* LaunchScreen.xib */,
				16F769C51B4C1A980032CD18 /* Supporting Files */,
			);
			path = TabDemo01;
			sourceTree = "<group>";
		};
		16F769C51B4C1A980032CD18 /* Supporting Files */ = {
			isa = PBXGroup;
			children = (
				16F769C61B4C1A980032CD18 /* Info.plist */,
				16F769C71B4C1A980032CD18 /* main.m */,
			);
			name = "Supporting Files";
			sourceTree = "<group>";
		};
		16F769DE1B4C1A980032CD18 /* TabDemo01Tests */ = {
			isa = PBXGroup;
			children = (
				16F769E11B4C1A980032CD18 /* TabDemo01Tests.m */,
				16F769DF1B4C1A980032CD18 /* Supporting Files */,
			);
			path = TabDemo01Tests;
			sourceTree = "<group>";
		};
		16F769DF1B4C1A980032CD18 /* Supporting Files */ = {
			isa = PBXGroup;
			children = (
				16F769E01B4C1A980032CD18 /* Info.plist */,
			);
			name = "Supporting Files";
			sourceTree = "<group>";
		};
/* End PBXGroup section */

/* Begin PBXNativeTarget section */
		16F769C11B4C1A980032CD18 /* TabDemo01 */ = {
			isa = PBXNativeTarget;
			buildConfigurationList = 16F769E51B4C1A980032CD18 /* Build configuration list for PBXNativeTarget "TabDemo01" */;
			buildPhases = (
				16F769BE1B4C1A980032CD18 /* Sources */,
				16F769BF1B4C1A980032CD18 /* Frameworks */,
				16F769C01B4C1A980032CD18 /* Resources */,
			);
			buildRules = (
			);
			dependencies = (
			);
			name = TabDemo01;
			productName = TabDemo01;
			productReference = 16F769C21B4C1A980032CD18 /* TabDemo01.app */;
			productType = "com.apple.product-type.application";
		};
		16F769DA1B4C1A980032CD18 /* TabDemo01Tests */ = {
			isa = PBXNativeTarget;
			buildConfigurationList = 16F769E81B4C1A980032CD18 /* Build configuration list for PBXNativeTarget "TabDemo01Tests" */;
			buildPhases = (
				16F769D71B4C1A980032CD18 /* Sources */,
				16F769D81B4C1A980032CD18 /* Frameworks */,
				16F769D91B4C1A980032CD18 /* Resources */,
			);
			buildRules = (
			);
			dependencies = (
				16F769DD1B4C1A980032CD18 /* PBXTargetDependency */,
			);
			name = TabDemo01Tests;
			productName = TabDemo01Tests;
			productReference = 16F769DB1B4C1A980032CD18 /* TabDemo01Tests.xctest */;
			productType = "com.apple.product-type.bundle.unit-test";
		};
/* End PBXNativeTarget section */

/* Begin PBXProject section */
		16F769BA1B4C1A980032CD18 /* Project object */ = {
			isa = PBXProject;
			attributes = {
				LastUpgradeCheck = 0610;
				ORGANIZATIONNAME = "董琳";
				TargetAttributes = {
					16F769C11B4C1A980032CD18 = {
						CreatedOnToolsVersion = 6.1.1;
					};
					16F769DA1B4C1A980032CD18 = {
						CreatedOnToolsVersion = 6.1.1;
						TestTargetID = 16F769C11B4C1A980032CD18;
					};
				};
			};
			buildConfigurationList = 16F769BD1B4C1A980032CD18 /* Build configuration list for PBXProject "TabDemo01" */;
			compatibilityVersion = "Xcode 3.2";
			developmentRegion = English;
			hasScannedForEncodings = 0;
			knownRegions = (
				en,
				Base,
			);
			mainGroup = 16F769B91B4C1A980032CD18;
			productRefGroup = 16F769C31B4C1A980032CD18 /* Products */;
			projectDirPath = "";
			projectRoot = "";
			targets = (
				16F769C11B4C1A980032CD18 /* TabDemo01 */,
				16F769DA1B4C1A980032CD18 /* TabDemo01Tests */,
			);
		};
/* End PBXProject section */

/* Begin PBXResourcesBuildPhase section */
		16F769C01B4C1A980032CD18 /* Resources */ = {
			isa = PBXResourcesBuildPhase;
			buildActionMask = 2147483647;
			files = (
				16F769D61B4C1A980032CD18 /* LaunchScreen.xib in Resources */,
				16F769D31B4C1A980032CD18 /* Images.xcassets in Resources */,
			);
			runOnlyForDeploymentPostprocessing = 0;
		};
		16F769D91B4C1A980032CD18 /* Resources */ = {
			isa = PBXResourcesBuildPhase;
			buildActionMask = 2147483647;
			files = (
			);
			runOnlyForDeploymentPostprocessing = 0;
		};
/* End PBXResourcesBuildPhase section */

/* Begin PBXSourcesBuildPhase section */
		16F769BE1B4C1A980032CD18 /* Sources */ = {
			isa = PBXSourcesBuildPhase;
			buildActionMask = 2147483647;
			files = (
				16F769CE1B4C1A980032CD18 /* ViewController.m in Sources */,
				16F769CB1B4C1A980032CD18 /* AppDelegate.m in Sources */,
				16F769C81B4C1A980032CD18 /* main.m in Sources */,
			);
			runOnlyForDeploymentPostprocessing = 0;
		};
		16F769D71B4C1A980032CD18 /* Sources */ = {
			isa = PBXSourcesBuildPhase;
			buildActionMask = 2147483647;
			files = (
				16F769E21B4C1A980032CD18 /* TabDemo01Tests.m in Sources */,
			);
			runOnlyForDeploymentPostprocessing = 0;
		};
/* End PBXSourcesBuildPhase section */

/* Begin PBXTargetDependency section */
		16F769DD1B4C1A980032CD18 /* PBXTargetDependency */ = {
			isa = PBXTargetDependency;
			target = 16F769C11B4C1A980032CD18 /* TabDemo01 */;
			targetProxy = 16F769DC1B4C1A980032CD18 /* PBXContainerItemProxy */;
		};
/* End PBXTargetDependency section */

/* Begin PBXVariantGroup section */
		16F769D41B4C1A980032CD18 /* LaunchScreen.xib */ = {
			isa = PBXVariantGroup;
			children = (
				16F769D51B4C1A980032CD18 /* Base */,
			);
			name = LaunchScreen.xib;
			sourceTree = "<group>";
		};
/* End PBXVariantGroup section */

/* Begin XCBuildConfiguration section */
		16F769E31B4C1A980032CD18 /* Debug */ = {
			isa = XCBuildConfiguration;
			buildSettings = {
				ALWAYS_SEARCH_USER_PATHS = NO;
				CLANG_CXX_LANGUAGE_STANDARD = "gnu++0x";
				CLANG_CXX_LIBRARY = "libc++";
				CLANG_ENABLE_MODULES = YES;
				CLANG_ENABLE_OBJC_ARC = YES;
				CLANG_WARN_BOOL_CONVERSION = YES;
				CLANG_WARN_CONSTANT_CONVERSION = YES;
				CLANG_WARN_DIRECT_OBJC_ISA_USAGE = YES_ERROR;
				CLANG_WARN_EMPTY_BODY = YES;
				CLANG_WARN_ENUM_CONVERSION = YES;
				CLANG_WARN_INT_CONVERSION = YES;
				CLANG_WARN_OBJC_ROOT_CLASS = YES_ERROR;
				CLANG_WARN_UNREACHABLE_CODE = YES;
				CLANG_WARN__DUPLICATE_METHOD_MATCH = YES;
				"CODE_SIGN_IDENTITY[sdk=iphoneos*]" = "iPhone Developer";
				COPY_PHASE_STRIP = NO;
				ENABLE_STRICT_OBJC_MSGSEND = YES;
				GCC_C_LANGUAGE_STANDARD = gnu99;
				GCC_DYNAMIC_NO_PIC = NO;
				GCC_OPTIMIZATION_LEVEL = 0;
				GCC_PREPROCESSOR_DEFINITIONS = (
					"DEBUG=1",
					"$(inherited)",
				);
				GCC_SYMBOLS_PRIVATE_EXTERN = NO;
				GCC_WARN_64_TO_32_BIT_CONVERSION = YES;
				GCC_WARN_ABOUT_RETURN_TYPE = YES_ERROR;
				GCC_WARN_UNDECLARED_SELECTOR = YES;
				GCC_WARN_UNINITIALIZED_AUTOS = YES_AGGRESSIVE;
				GCC_WARN_UNUSED_FUNCTION = YES;
				GCC_WARN_UNUSED_VARIABLE = YES;
				IPHONEOS_DEPLOYMENT_TARGET = 8.1;
				MTL_ENABLE_DEBUG_INFO = YES;
				ONLY_ACTIVE_ARCH = YES;
				SDKROOT = iphoneos;
			};
			name = Debug;
		};
		16F769E41B4C1A980032CD18 /* Release */ = {
			isa = XCBuildConfiguration;
			buildSettings = {
				ALWAYS_SEARCH_USER_PATHS = NO;
				CLANG_CXX_LANGUAGE_STANDARD = "gnu++0x";
				CLANG_CXX_LIBRARY = "libc++";
				CLANG_ENABLE_MODULES = YES;
				CLANG_ENABLE_OBJC_ARC = YES;
				CLANG_WARN_BOOL_CONVERSION = YES;
				CLANG_WARN_CONSTANT_CONVERSION = YES;
				CLANG_WARN_DIRECT_OBJC_ISA_USAGE = YES_ERROR;
				CLANG_WARN_EMPTY_BODY = YES;
				CLANG_WARN_ENUM_CONVERSION = YES;
				CLANG_WARN_INT_CONVERSION = YES;
				CLANG_WARN_OBJC_ROOT_CLASS = YES_ERROR;
				CLANG_WARN_UNREACHABLE_CODE = YES;
				CLANG_WARN__DUPLICATE_METHOD_MATCH = YES;
				"CODE_SIGN_IDENTITY[sdk=iphoneos*]" = "iPhone Developer";
				COPY_PHASE_STRIP = YES;
				ENABLE_NS_ASSERTIONS = NO;
				ENABLE_STRICT_OBJC_MSGSEND = YES;
				GCC_C_LANGUAGE_STANDARD = gnu99;
				GCC_WARN_64_TO_32_BIT_CONVERSION = YES;
				GCC_WARN_ABOUT_RETURN_TYPE = YES_ERROR;
				GCC_WARN_UNDECLARED_SELECTOR = YES;
				GCC_WARN_UNINITIALIZED_AUTOS = YES_AGGRESSIVE;
				GCC_WARN_UNUSED_FUNCTION = YES;
				GCC_WARN_UNUSED_VARIABLE = YES;
				IPHONEOS_DEPLOYMENT_TARGET = 8.1;
				MTL_ENABLE_DEBUG_INFO = NO;
				SDKROOT = iphoneos;
				VALIDATE_PRODUCT = YES;
			};
			name = Release;
		};
		16F769E61B4C1A980032CD18 /* Debug */ = {
			isa = XCBuildConfiguration;
			buildSettings = {
				ASSETCATALOG_COMPILER_APPICON_NAME = AppIcon;
				INFOPLIST_FILE = TabDemo01/Info.plist;
				LD_RUNPATH_SEARCH_PATHS = "$(inherited) @executable_path/Frameworks";
				PRODUCT_NAME = "$(TARGET_NAME)";
			};
			name = Debug;
		};
		16F769E71B4C1A980032CD18 /* Release */ = {
			isa = XCBuildConfiguration;
			buildSettings = {
				ASSETCATALOG_COMPILER_APPICON_NAME = AppIcon;
				INFOPLIST_FILE = TabDemo01/Info.plist;
				LD_RUNPATH_SEARCH_PATHS = "$(inherited) @executable_path/Frameworks";
				PRODUCT_NAME = "$(TARGET_NAME)";
			};
			name = Release;
		};
		16F769E91B4C1A980032CD18 /* Debug */ = {
			isa = XCBuildConfiguration;
			buildSettings = {
				BUNDLE_LOADER = "$(TEST_HOST)";
				FRAMEWORK_SEARCH_PATHS = (
					"$(SDKROOT)/Developer/Library/Frameworks",
					"$(inherited)",
				);
				GCC_PREPROCESSOR_DEFINITIONS = (
					"DEBUG=1",
					"$(inherited)",
				);
				INFOPLIST_FILE = TabDemo01Tests/Info.plist;
				LD_RUNPATH_SEARCH_PATHS = "$(inherited) @executable_path/Frameworks @loader_path/Frameworks";
				PRODUCT_NAME = "$(TARGET_NAME)";
				TEST_HOST = "$(BUILT_PRODUCTS_DIR)/TabDemo01.app/TabDemo01";
			};
			name = Debug;
		};
		16F769EA1B4C1A980032CD18 /* Release */ = {
			isa = XCBuildConfiguration;
			buildSettings = {
				BUNDLE_LOADER = "$(TEST_HOST)";
				FRAMEWORK_SEARCH_PATHS = (
					"$(SDKROOT)/Developer/Library/Frameworks",
					"$(inherited)",
				);
				INFOPLIST_FILE = TabDemo01Tests/Info.plist;
				LD_RUNPATH_SEARCH_PATHS = "$(inherited) @executable_path/Frameworks @loader_path/Frameworks";
				PRODUCT_NAME = "$(TARGET_NAME)";
				TEST_HOST = "$(BUILT_PRODUCTS_DIR)/TabDemo01.app/TabDemo01";
			};
			name = Release;
		};
/* End XCBuildConfiguration section */

/* Begin XCConfigurationList section */
		16F769BD1B4C1A980032CD18 /* Build configuration list for PBXProject "TabDemo01" */ = {
			isa = XCConfigurationList;
			buildConfigurations = (
				16F769E31B4C1A980032CD18 /* Debug */,
				16F769E41B4C1A980032CD18 /* Release */,
			);
			defaultConfigurationIsVisible = 0;
			defaultConfigurationName = Release;
		};
		16F769E51B4C1A980032CD18 /* Build configuration list for PBXNativeTarget "TabDemo01" */ = {
			isa = XCConfigurationList;
			buildConfigurations = (
				16F769E61B4C1A980032CD18 /* Debug */,
				16F769E71B4C1A980032CD18 /* Release */,
			);
			defaultConfigurationIsVisible = 0;
		};
		16F769E81B4C1A980032CD18 /* Build configuration list for PBXNativeTarget "TabDemo01Tests" */ = {
			isa = XCConfigurationList;
			buildConfigurations = (
				16F769E91B4C1A980032CD18 /* Debug */,
				16F769EA1B4C1A980032CD18 /* Release */,
			);
			defaultConfigurationIsVisible = 0;
		};
/* End XCConfigurationList section */
	};
	rootObject = 16F769BA1B4C1A980032CD18 /* Project object */;
}
